
Microsoft Visual Studio Solution File, Format Version 12.00
# Visual Studio Version 16
VisualStudioVersion = 16.0.30204.135
MinimumVisualStudioVersion = 10.0.40219.1
Project("{FAE04EC0-301F-11D3-BF4B-00C04F79EFBC}") = "duckduckGoPlaywright", "duckduckGoPlaywright\duckduckGoPlaywright.csproj", "{757BFD25-0428-428B-A5BA-E1DFD69237BE}"
EndProject
Global
	GlobalSection(SolutionConfigurationPlatforms) = preSolution
		Debug|Any CPU = Debug|Any CPU
		Release|Any CPU = Release|Any CPU
	EndGlobalSection
	GlobalSection(ProjectConfigurationPlatforms) = postSolution
		{757BFD25-0428-428B-A5BA-E1DFD69237BE}.Debug|Any CPU.ActiveCfg = Debug|Any CPU
		{757BFD25-0428-428B-A5BA-E1DFD69237BE}.Debug|Any CPU.Build.0 = Debug|Any CPU
		{757BFD25-0428-428B-A5BA-E1DFD69237BE}.Release|Any CPU.ActiveCfg = Release|Any CPU
		{757BFD25-0428-428B-A5BA-E1DFD69237BE}.Release|Any CPU.Build.0 = Release|Any CPU
	EndGlobalSection
	GlobalSection(SolutionProperties) = preSolution
		HideSolutionNode = FALSE
	EndGlobalSection
	GlobalSection(ExtensibilityGlobals) = postSolution
		SolutionGuid = {F11B6507-117B-4E59-A035-332D2D5B05A3}
	EndGlobalSection
EndGlobal
